{
  "version": 4,
  "terraform_version": "1.6.0",
  "serial": 10,
  "lineage": "9dfea851-3d80-b8e4-7b9d-9b5942f27b09",
  "outputs": {
    "webapp_ips": {
      "value": "4.231.131.239,4.231.131.181,4.231.132.10,4.231.132.14,4.231.132.30,4.231.132.34,20.107.224.7",
      "type": "string"
    },
    "webapp_url": {
      "value": "task-board-56396.azurewebsites.net",
      "type": "string"
    }
  },
  "resources": [
    {
      "mode": "managed",
      "type": "azurerm_app_service_source_control",
      "name": "TaskBoardSC",
      "provider": "provider[\"registry.terraform.io/hashicorp/azurerm\"]",
      "instances": [
        {
          "schema_version": 0,
          "attributes": {
            "app_id": "/subscriptions/517b9692-fe6d-41b5-a48e-b50ba0a4586e/resourceGroups/task-board56396/providers/Microsoft.Web/sites/task-board-56396",
            "branch": "main",
            "github_action_configuration": [],
            "id": "/subscriptions/517b9692-fe6d-41b5-a48e-b50ba0a4586e/resourceGroups/task-board56396/providers/Microsoft.Web/sites/task-board-56396",
            "repo_url": "https://github.com/chavdar94/TaskBoardTF.git",
            "rollback_enabled": false,
            "scm_type": "ExternalGit",
            "timeouts": null,
            "use_local_git": false,
            "use_manual_integration": true,
            "use_mercurial": false,
            "uses_github_action": false
          },
          "sensitive_attributes": [],
          "private": "eyJlMmJmYjczMC1lY2FhLTExZTYtOGY4OC0zNDM2M2JjN2M0YzAiOnsiY3JlYXRlIjoxODAwMDAwMDAwMDAwLCJkZWxldGUiOjE4MDAwMDAwMDAwMDAsInJlYWQiOjMwMDAwMDAwMDAwMH19",
          "dependencies": [
            "azurerm_linux_web_app.appservice",
            "azurerm_mssql_database.sql",
            "azurerm_mssql_server.sqlserver",
            "azurerm_resource_group.rg",
            "azurerm_service_plan.appsp",
            "random_integer.ri"
          ]
        }
      ]
    },
    {
      "mode": "managed",
      "type": "azurerm_linux_web_app",
      "name": "appservice",
      "provider": "provider[\"registry.terraform.io/hashicorp/azurerm\"]",
      "instances": [
        {
          "schema_version": 0,
          "attributes": {
            "app_settings": null,
            "auth_settings": [],
            "auth_settings_v2": [],
            "backup": [],
            "client_affinity_enabled": false,
            "client_certificate_enabled": false,
            "client_certificate_exclusion_paths": "",
            "client_certificate_mode": "Required",
            "connection_string": [
              {
                "name": "DefaultConnection",
                "type": "SQLAzure",
                "value": "Data Source=tcp:task-board-sql-56396.database.windows.net,1433;Initial Catalog=TaskBoardDB56396;User ID=user01;Password=@Aa123456789!;Trusted_Connection=False;MultipleActiveResultSets=True;"
              }
            ],
            "custom_domain_verification_id": "FEE61B6336A6E2F7C8DED8D1D701D139DD256271298BB5867EADA0EC293AB344",
            "default_hostname": "task-board-56396.azurewebsites.net",
            "enabled": true,
            "hosting_environment_id": "",
            "https_only": false,
            "id": "/subscriptions/517b9692-fe6d-41b5-a48e-b50ba0a4586e/resourceGroups/task-board56396/providers/Microsoft.Web/sites/task-board-56396",
            "identity": [],
            "key_vault_reference_identity_id": "SystemAssigned",
            "kind": "app,linux",
            "location": "northeurope",
            "logs": [],
            "name": "task-board-56396",
            "outbound_ip_address_list": [
              "4.231.131.239",
              "4.231.131.181",
              "4.231.132.10",
              "4.231.132.14",
              "4.231.132.30",
              "4.231.132.34",
              "20.107.224.7"
            ],
            "outbound_ip_addresses": "4.231.131.239,4.231.131.181,4.231.132.10,4.231.132.14,4.231.132.30,4.231.132.34,20.107.224.7",
            "possible_outbound_ip_address_list": [
              "4.231.131.239",
              "4.231.131.181",
              "4.231.132.10",
              "4.231.132.14",
              "4.231.132.30",
              "4.231.132.34",
              "4.231.132.53",
              "4.231.132.63",
              "4.231.132.71",
              "4.231.132.101",
              "4.231.132.156",
              "4.231.133.34",
              "4.231.133.109",
              "4.231.133.164",
              "4.231.134.77",
              "4.231.134.112",
              "4.231.134.201",
              "4.231.134.218",
              "4.231.135.168",
              "4.231.135.180",
              "4.231.135.196",
              "4.231.135.206",
              "4.208.72.225",
              "4.208.73.79",
              "20.107.224.7"
            ],
            "possible_outbound_ip_addresses": "4.231.131.239,4.231.131.181,4.231.132.10,4.231.132.14,4.231.132.30,4.231.132.34,4.231.132.53,4.231.132.63,4.231.132.71,4.231.132.101,4.231.132.156,4.231.133.34,4.231.133.109,4.231.133.164,4.231.134.77,4.231.134.112,4.231.134.201,4.231.134.218,4.231.135.168,4.231.135.180,4.231.135.196,4.231.135.206,4.208.72.225,4.208.73.79,20.107.224.7",
            "public_network_access_enabled": true,
            "resource_group_name": "task-board56396",
            "service_plan_id": "/subscriptions/517b9692-fe6d-41b5-a48e-b50ba0a4586e/resourceGroups/task-board56396/providers/Microsoft.Web/serverfarms/task-board-plan-56396",
            "site_config": [
              {
                "always_on": false,
                "api_definition_url": "",
                "api_management_api_id": "",
                "app_command_line": "",
                "application_stack": [
                  {
                    "docker_image": "",
                    "docker_image_name": "",
                    "docker_image_tag": "",
                    "docker_registry_password": "",
                    "docker_registry_url": "",
                    "docker_registry_username": "",
                    "dotnet_version": "6.0",
                    "go_version": "",
                    "java_server": "",
                    "java_server_version": "",
                    "java_version": "",
                    "node_version": "",
                    "php_version": "",
                    "python_version": "",
                    "ruby_version": ""
                  }
                ],
                "auto_heal_enabled": false,
                "auto_heal_setting": [],
                "container_registry_managed_identity_client_id": "",
                "container_registry_use_managed_identity": false,
                "cors": [],
                "default_documents": [
                  "Default.htm",
                  "Default.html",
                  "Default.asp",
                  "index.htm",
                  "index.html",
                  "iisstart.htm",
                  "default.aspx",
                  "index.php",
                  "hostingstart.html"
                ],
                "detailed_error_logging_enabled": false,
                "ftps_state": "Disabled",
                "health_check_eviction_time_in_min": 0,
                "health_check_path": "",
                "http2_enabled": false,
                "ip_restriction": [],
                "linux_fx_version": "DOTNETCORE|6.0",
                "load_balancing_mode": "LeastRequests",
                "local_mysql_enabled": false,
                "managed_pipeline_mode": "Integrated",
                "minimum_tls_version": "1.2",
                "remote_debugging_enabled": false,
                "remote_debugging_version": "VS2019",
                "scm_ip_restriction": [],
                "scm_minimum_tls_version": "1.2",
                "scm_type": "None",
                "scm_use_main_ip_restriction": false,
                "use_32_bit_worker": true,
                "vnet_route_all_enabled": false,
                "websockets_enabled": false,
                "worker_count": 1
              }
            ],
            "site_credential": [
              {
                "name": "$task-board-56396",
                "password": "PhhQRgNorHZlYAyamel2WvC6puJQnQpGDHsHo09Xs2Y4rJstPmDgiJ3HkqJm"
              }
            ],
            "sticky_settings": [],
            "storage_account": [],
            "tags": null,
            "timeouts": null,
            "virtual_network_subnet_id": "",
            "zip_deploy_file": ""
          },
          "sensitive_attributes": [
            [
              {
                "type": "get_attr",
                "value": "connection_string"
              }
            ]
          ],
          "private": "eyJlMmJmYjczMC1lY2FhLTExZTYtOGY4OC0zNDM2M2JjN2M0YzAiOnsiY3JlYXRlIjoxODAwMDAwMDAwMDAwLCJkZWxldGUiOjE4MDAwMDAwMDAwMDAsInJlYWQiOjMwMDAwMDAwMDAwMCwidXBkYXRlIjoxODAwMDAwMDAwMDAwfX0=",
          "dependencies": [
            "azurerm_mssql_database.sql",
            "azurerm_mssql_server.sqlserver",
            "azurerm_resource_group.rg",
            "azurerm_service_plan.appsp",
            "random_integer.ri"
          ]
        }
      ]
    },
    {
      "mode": "managed",
      "type": "azurerm_mssql_database",
      "name": "sql",
      "provider": "provider[\"registry.terraform.io/hashicorp/azurerm\"]",
      "instances": [
        {
          "schema_version": 1,
          "attributes": {
            "auto_pause_delay_in_minutes": 0,
            "collation": "SQL_Latin1_General_CP1_CI_AS",
            "create_mode": "Default",
            "creation_source_database_id": null,
            "elastic_pool_id": "",
            "geo_backup_enabled": true,
            "id": "/subscriptions/517b9692-fe6d-41b5-a48e-b50ba0a4586e/resourceGroups/task-board56396/providers/Microsoft.Sql/servers/task-board-sql-56396/databases/TaskBoardDB56396",
            "import": [],
            "ledger_enabled": false,
            "license_type": "LicenseIncluded",
            "long_term_retention_policy": [
              {
                "monthly_retention": "PT0S",
                "week_of_year": 1,
                "weekly_retention": "PT0S",
                "yearly_retention": "PT0S"
              }
            ],
            "maintenance_configuration_name": "SQL_Default",
            "max_size_gb": 250,
            "min_capacity": 0,
            "name": "TaskBoardDB56396",
            "read_replica_count": 0,
            "read_scale": false,
            "recover_database_id": null,
            "restore_dropped_database_id": null,
            "restore_point_in_time": null,
            "sample_name": null,
            "server_id": "/subscriptions/517b9692-fe6d-41b5-a48e-b50ba0a4586e/resourceGroups/task-board56396/providers/Microsoft.Sql/servers/task-board-sql-56396",
            "short_term_retention_policy": [
              {
                "backup_interval_in_hours": 24,
                "retention_days": 7
              }
            ],
            "sku_name": "S0",
            "storage_account_type": "Geo",
            "tags": null,
            "threat_detection_policy": [
              {
                "disabled_alerts": [],
                "email_account_admins": "Disabled",
                "email_addresses": [],
                "retention_days": 0,
                "state": "Disabled",
                "storage_account_access_key": "",
                "storage_endpoint": ""
              }
            ],
            "timeouts": null,
            "transparent_data_encryption_enabled": true,
            "zone_redundant": false
          },
          "sensitive_attributes": [],
          "private": "eyJlMmJmYjczMC1lY2FhLTExZTYtOGY4OC0zNDM2M2JjN2M0YzAiOnsiY3JlYXRlIjozNjAwMDAwMDAwMDAwLCJkZWxldGUiOjM2MDAwMDAwMDAwMDAsInJlYWQiOjMwMDAwMDAwMDAwMCwidXBkYXRlIjozNjAwMDAwMDAwMDAwfSwic2NoZW1hX3ZlcnNpb24iOiIxIn0=",
          "dependencies": [
            "azurerm_mssql_server.sqlserver",
            "azurerm_resource_group.rg",
            "random_integer.ri"
          ]
        }
      ]
    },
    {
      "mode": "managed",
      "type": "azurerm_mssql_firewall_rule",
      "name": "firwall",
      "provider": "provider[\"registry.terraform.io/hashicorp/azurerm\"]",
      "instances": [
        {
          "schema_version": 0,
          "attributes": {
            "end_ip_address": "0.0.0.0",
            "id": "/subscriptions/517b9692-fe6d-41b5-a48e-b50ba0a4586e/resourceGroups/task-board56396/providers/Microsoft.Sql/servers/task-board-sql-56396/firewallRules/TaskBoardFirewallRule56396",
            "name": "TaskBoardFirewallRule56396",
            "server_id": "/subscriptions/517b9692-fe6d-41b5-a48e-b50ba0a4586e/resourceGroups/task-board56396/providers/Microsoft.Sql/servers/task-board-sql-56396",
            "start_ip_address": "0.0.0.0",
            "timeouts": null
          },
          "sensitive_attributes": [],
          "private": "eyJlMmJmYjczMC1lY2FhLTExZTYtOGY4OC0zNDM2M2JjN2M0YzAiOnsiY3JlYXRlIjoxODAwMDAwMDAwMDAwLCJkZWxldGUiOjE4MDAwMDAwMDAwMDAsInJlYWQiOjMwMDAwMDAwMDAwMCwidXBkYXRlIjoxODAwMDAwMDAwMDAwfX0=",
          "dependencies": [
            "azurerm_mssql_server.sqlserver",
            "azurerm_resource_group.rg",
            "random_integer.ri"
          ]
        }
      ]
    },
    {
      "mode": "managed",
      "type": "azurerm_mssql_server",
      "name": "sqlserver",
      "provider": "provider[\"registry.terraform.io/hashicorp/azurerm\"]",
      "instances": [
        {
          "schema_version": 0,
          "attributes": {
            "administrator_login": "user01",
            "administrator_login_password": "@Aa123456789!",
            "azuread_administrator": [],
            "connection_policy": "Default",
            "fully_qualified_domain_name": "task-board-sql-56396.database.windows.net",
            "id": "/subscriptions/517b9692-fe6d-41b5-a48e-b50ba0a4586e/resourceGroups/task-board56396/providers/Microsoft.Sql/servers/task-board-sql-56396",
            "identity": [],
            "location": "northeurope",
            "minimum_tls_version": "1.2",
            "name": "task-board-sql-56396",
            "outbound_network_restriction_enabled": false,
            "primary_user_assigned_identity_id": "",
            "public_network_access_enabled": true,
            "resource_group_name": "task-board56396",
            "restorable_dropped_database_ids": [],
            "tags": null,
            "timeouts": null,
            "transparent_data_encryption_key_vault_key_id": "",
            "version": "12.0"
          },
          "sensitive_attributes": [],
          "private": "eyJlMmJmYjczMC1lY2FhLTExZTYtOGY4OC0zNDM2M2JjN2M0YzAiOnsiY3JlYXRlIjozNjAwMDAwMDAwMDAwLCJkZWxldGUiOjM2MDAwMDAwMDAwMDAsInJlYWQiOjMwMDAwMDAwMDAwMCwidXBkYXRlIjozNjAwMDAwMDAwMDAwfX0=",
          "dependencies": [
            "azurerm_resource_group.rg",
            "random_integer.ri"
          ]
        }
      ]
    },
    {
      "mode": "managed",
      "type": "azurerm_resource_group",
      "name": "rg",
      "provider": "provider[\"registry.terraform.io/hashicorp/azurerm\"]",
      "instances": [
        {
          "schema_version": 0,
          "attributes": {
            "id": "/subscriptions/517b9692-fe6d-41b5-a48e-b50ba0a4586e/resourceGroups/task-board56396",
            "location": "northeurope",
            "managed_by": "",
            "name": "task-board56396",
            "tags": null,
            "timeouts": null
          },
          "sensitive_attributes": [],
          "private": "eyJlMmJmYjczMC1lY2FhLTExZTYtOGY4OC0zNDM2M2JjN2M0YzAiOnsiY3JlYXRlIjo1NDAwMDAwMDAwMDAwLCJkZWxldGUiOjU0MDAwMDAwMDAwMDAsInJlYWQiOjMwMDAwMDAwMDAwMCwidXBkYXRlIjo1NDAwMDAwMDAwMDAwfX0=",
          "dependencies": [
            "random_integer.ri"
          ]
        }
      ]
    },
    {
      "mode": "managed",
      "type": "azurerm_service_plan",
      "name": "appsp",
      "provider": "provider[\"registry.terraform.io/hashicorp/azurerm\"]",
      "instances": [
        {
          "schema_version": 0,
          "attributes": {
            "app_service_environment_id": "",
            "id": "/subscriptions/517b9692-fe6d-41b5-a48e-b50ba0a4586e/resourceGroups/task-board56396/providers/Microsoft.Web/serverfarms/task-board-plan-56396",
            "kind": "linux",
            "location": "northeurope",
            "maximum_elastic_worker_count": 1,
            "name": "task-board-plan-56396",
            "os_type": "Linux",
            "per_site_scaling_enabled": false,
            "reserved": true,
            "resource_group_name": "task-board56396",
            "sku_name": "F1",
            "tags": null,
            "timeouts": null,
            "worker_count": 1,
            "zone_balancing_enabled": false
          },
          "sensitive_attributes": [],
          "private": "eyJlMmJmYjczMC1lY2FhLTExZTYtOGY4OC0zNDM2M2JjN2M0YzAiOnsiY3JlYXRlIjozNjAwMDAwMDAwMDAwLCJkZWxldGUiOjM2MDAwMDAwMDAwMDAsInJlYWQiOjMwMDAwMDAwMDAwMCwidXBkYXRlIjozNjAwMDAwMDAwMDAwfX0=",
          "dependencies": [
            "azurerm_resource_group.rg",
            "random_integer.ri"
          ]
        }
      ]
    },
    {
      "mode": "managed",
      "type": "azurerm_storage_account",
      "name": "TaskBoardSA",
      "provider": "provider[\"registry.terraform.io/hashicorp/azurerm\"]",
      "instances": [
        {
          "schema_version": 4,
          "attributes": {
            "access_tier": "Hot",
            "account_kind": "StorageV2",
            "account_replication_type": "LRS",
            "account_tier": "Standard",
            "allow_nested_items_to_be_public": true,
            "allowed_copy_scope": "",
            "azure_files_authentication": [],
            "blob_properties": [
              {
                "change_feed_enabled": false,
                "change_feed_retention_in_days": 0,
                "container_delete_retention_policy": [],
                "cors_rule": [],
                "default_service_version": "",
                "delete_retention_policy": [],
                "last_access_time_enabled": false,
                "restore_policy": [],
                "versioning_enabled": false
              }
            ],
            "cross_tenant_replication_enabled": true,
            "custom_domain": [],
            "customer_managed_key": [],
            "default_to_oauth_authentication": false,
            "edge_zone": "",
            "enable_https_traffic_only": true,
            "id": "/subscriptions/517b9692-fe6d-41b5-a48e-b50ba0a4586e/resourceGroups/task-board56396/providers/Microsoft.Storage/storageAccounts/taskboardsa56396",
            "identity": [],
            "immutability_policy": [],
            "infrastructure_encryption_enabled": false,
            "is_hns_enabled": false,
            "large_file_share_enabled": null,
            "location": "northeurope",
            "min_tls_version": "TLS1_2",
            "name": "taskboardsa56396",
            "network_rules": [
              {
                "bypass": [
                  "AzureServices"
                ],
                "default_action": "Allow",
                "ip_rules": [],
                "private_link_access": [],
                "virtual_network_subnet_ids": []
              }
            ],
            "nfsv3_enabled": false,
            "primary_access_key": "oZh/3uy7svq14Liqlw8ahXFnXZJIRDpm60vpekYBMAUWlMsHqUu4Z03DTN1UUOFSCpxU48Z/7KOs+AStq9ZtHg==",
            "primary_blob_connection_string": "DefaultEndpointsProtocol=https;BlobEndpoint=https://taskboardsa56396.blob.core.windows.net/;AccountName=taskboardsa56396;AccountKey=oZh/3uy7svq14Liqlw8ahXFnXZJIRDpm60vpekYBMAUWlMsHqUu4Z03DTN1UUOFSCpxU48Z/7KOs+AStq9ZtHg==",
            "primary_blob_endpoint": "https://taskboardsa56396.blob.core.windows.net/",
            "primary_blob_host": "taskboardsa56396.blob.core.windows.net",
            "primary_connection_string": "DefaultEndpointsProtocol=https;AccountName=taskboardsa56396;AccountKey=oZh/3uy7svq14Liqlw8ahXFnXZJIRDpm60vpekYBMAUWlMsHqUu4Z03DTN1UUOFSCpxU48Z/7KOs+AStq9ZtHg==;EndpointSuffix=core.windows.net",
            "primary_dfs_endpoint": "https://taskboardsa56396.dfs.core.windows.net/",
            "primary_dfs_host": "taskboardsa56396.dfs.core.windows.net",
            "primary_file_endpoint": "https://taskboardsa56396.file.core.windows.net/",
            "primary_file_host": "taskboardsa56396.file.core.windows.net",
            "primary_location": "northeurope",
            "primary_queue_endpoint": "https://taskboardsa56396.queue.core.windows.net/",
            "primary_queue_host": "taskboardsa56396.queue.core.windows.net",
            "primary_table_endpoint": "https://taskboardsa56396.table.core.windows.net/",
            "primary_table_host": "taskboardsa56396.table.core.windows.net",
            "primary_web_endpoint": "https://taskboardsa56396.z16.web.core.windows.net/",
            "primary_web_host": "taskboardsa56396.z16.web.core.windows.net",
            "public_network_access_enabled": true,
            "queue_encryption_key_type": "Service",
            "queue_properties": [
              {
                "cors_rule": [],
                "hour_metrics": [
                  {
                    "enabled": true,
                    "include_apis": true,
                    "retention_policy_days": 7,
                    "version": "1.0"
                  }
                ],
                "logging": [
                  {
                    "delete": false,
                    "read": false,
                    "retention_policy_days": 0,
                    "version": "1.0",
                    "write": false
                  }
                ],
                "minute_metrics": [
                  {
                    "enabled": false,
                    "include_apis": false,
                    "retention_policy_days": 0,
                    "version": "1.0"
                  }
                ]
              }
            ],
            "resource_group_name": "task-board56396",
            "routing": [],
            "sas_policy": [],
            "secondary_access_key": "okfLhHUNU1sHI5nyDdHyx2Cf7rwO9WHSYgXg1kxKFAWoJIX0F5XmArkDWw0zxSuU0jGY/QUqaKuZ+AStYCXPtg==",
            "secondary_blob_connection_string": "",
            "secondary_blob_endpoint": null,
            "secondary_blob_host": null,
            "secondary_connection_string": "DefaultEndpointsProtocol=https;AccountName=taskboardsa56396;AccountKey=okfLhHUNU1sHI5nyDdHyx2Cf7rwO9WHSYgXg1kxKFAWoJIX0F5XmArkDWw0zxSuU0jGY/QUqaKuZ+AStYCXPtg==;EndpointSuffix=core.windows.net",
            "secondary_dfs_endpoint": null,
            "secondary_dfs_host": null,
            "secondary_file_endpoint": null,
            "secondary_file_host": null,
            "secondary_location": "",
            "secondary_queue_endpoint": null,
            "secondary_queue_host": null,
            "secondary_table_endpoint": null,
            "secondary_table_host": null,
            "secondary_web_endpoint": null,
            "secondary_web_host": null,
            "sftp_enabled": false,
            "share_properties": [
              {
                "cors_rule": [],
                "retention_policy": [
                  {
                    "days": 7
                  }
                ],
                "smb": []
              }
            ],
            "shared_access_key_enabled": true,
            "static_website": [],
            "table_encryption_key_type": "Service",
            "tags": null,
            "timeouts": null
          },
          "sensitive_attributes": [],
          "private": "eyJlMmJmYjczMC1lY2FhLTExZTYtOGY4OC0zNDM2M2JjN2M0YzAiOnsiY3JlYXRlIjozNjAwMDAwMDAwMDAwLCJkZWxldGUiOjM2MDAwMDAwMDAwMDAsInJlYWQiOjMwMDAwMDAwMDAwMCwidXBkYXRlIjozNjAwMDAwMDAwMDAwfSwic2NoZW1hX3ZlcnNpb24iOiI0In0=",
          "dependencies": [
            "azurerm_resource_group.rg",
            "random_integer.ri"
          ]
        }
      ]
    },
    {
      "mode": "managed",
      "type": "random_integer",
      "name": "ri",
      "provider": "provider[\"registry.terraform.io/hashicorp/random\"]",
      "instances": [
        {
          "schema_version": 0,
          "attributes": {
            "id": "56396",
            "keepers": null,
            "max": 99999,
            "min": 10000,
            "result": 56396,
            "seed": null
          },
          "sensitive_attributes": []
        }
      ]
    }
  ],
  "check_results": null
}
